
Microsoft Visual Studio Solution File, Format Version 12.00
# Visual Studio Version 17
VisualStudioVersion = 17.9.34728.123
MinimumVisualStudioVersion = 10.0.40219.1
Project("{FAE04EC0-301F-11D3-BF4B-00C04F79EFBC}") = "Unity Downloader", "Unity Downloader\Unity Downloader.csproj", "{AFB1DB67-8487-43AC-95FB-1411DB35B3DD}"
EndProject
Global
	GlobalSection(SolutionConfigurationPlatforms) = preSolution
		Debug|Any CPU = Debug|Any CPU
		Release|Any CPU = Release|Any CPU
	EndGlobalSection
	GlobalSection(ProjectConfigurationPlatforms) = postSolution
		{AFB1DB67-8487-43AC-95FB-1411DB35B3DD}.Debug|Any CPU.ActiveCfg = Debug|Any CPU
		{AFB1DB67-8487-43AC-95FB-1411DB35B3DD}.Debug|Any CPU.Build.0 = Debug|Any CPU
		{AFB1DB67-8487-43AC-95FB-1411DB35B3DD}.Release|Any CPU.ActiveCfg = Release|Any CPU
		{AFB1DB67-8487-43AC-95FB-1411DB35B3DD}.Release|Any CPU.Build.0 = Release|Any CPU
	EndGlobalSection
	GlobalSection(SolutionProperties) = preSolution
		HideSolutionNode = FALSE
	EndGlobalSection
	GlobalSection(ExtensibilityGlobals) = postSolution
		SolutionGuid = {EEFEDAE3-6F24-487B-95DB-724ABD8D2214}
	EndGlobalSection
EndGlobal
